# This file is automatically @generated by Cargo.
# It is not intended for manual editing.
version = 4

[[package]]
name = "paste"
version = "1.0.15"
source = "registry+https://github.com/rust-lang/crates.io-index"
checksum = "57c0d7b74b563b49d38dae00a0c37d4d6de9b432382b2892f0574ddcae73fd0a"

[[package]]
name = "ps1-spu"
version = "0.1.0"
dependencies = [
 "paste",
 "psx",
]

[[package]]
name = "psx"
version = "0.1.8"
source = "registry+https://github.com/rust-lang/crates.io-index"
checksum = "5a60d6f7713e5d76bbb5ae11943688c58332bce232113b996128b4c06950ab78"
